
Microsoft Visual Studio Solution File, Format Version 12.00
# Visual Studio Version 17
VisualStudioVersion = 17.0.32014.148
MinimumVisualStudioVersion = 10.0.40219.1
Project("{9A19103F-16F7-4668-BE54-9A1E7A4F7556}") = "BlockPics", "BlockPics\BlockPics.csproj", "{BAE76917-4252-4531-9202-F79EF2688587}"
EndProject
Global
	GlobalSection(SolutionConfigurationPlatforms) = preSolution
		Debug|Any CPU = Debug|Any CPU
		Release|Any CPU = Release|Any CPU
	EndGlobalSection
	GlobalSection(ProjectConfigurationPlatforms) = postSolution
		{BAE76917-4252-4531-9202-F79EF2688587}.Debug|Any CPU.ActiveCfg = Debug|Any CPU
		{BAE76917-4252-4531-9202-F79EF2688587}.Debug|Any CPU.Build.0 = Debug|Any CPU
		{BAE76917-4252-4531-9202-F79EF2688587}.Release|Any CPU.ActiveCfg = Release|Any CPU
		{BAE76917-4252-4531-9202-F79EF2688587}.Release|Any CPU.Build.0 = Release|Any CPU
	EndGlobalSection
	GlobalSection(SolutionProperties) = preSolution
		HideSolutionNode = FALSE
	EndGlobalSection
	GlobalSection(ExtensibilityGlobals) = postSolution
		SolutionGuid = {1E923DE2-47D6-4CFA-8143-ED425F3FFEA8}
	EndGlobalSection
EndGlobal
